
Microsoft Visual Studio Solution File, Format Version 12.00
# Visual Studio 15
VisualStudioVersion = 15.0.27703.2000
MinimumVisualStudioVersion = 10.0.40219.1
Project("{F184B08F-C81C-45F6-A57F-5ABD9991F28F}") = "WestWood_Classic", "WestWood_Classic.vbproj", "{FA466C19-14A5-4010-AAC5-6130B0AFA333}"
EndProject
Global
	GlobalSection(SolutionConfigurationPlatforms) = preSolution
		Debug|Any CPU = Debug|Any CPU
		Release|Any CPU = Release|Any CPU
	EndGlobalSection
	GlobalSection(ProjectConfigurationPlatforms) = postSolution
		{FA466C19-14A5-4010-AAC5-6130B0AFA333}.Debug|Any CPU.ActiveCfg = Debug|Any CPU
		{FA466C19-14A5-4010-AAC5-6130B0AFA333}.Debug|Any CPU.Build.0 = Debug|Any CPU
		{FA466C19-14A5-4010-AAC5-6130B0AFA333}.Release|Any CPU.ActiveCfg = Release|Any CPU
		{FA466C19-14A5-4010-AAC5-6130B0AFA333}.Release|Any CPU.Build.0 = Release|Any CPU
	EndGlobalSection
	GlobalSection(SolutionProperties) = preSolution
		HideSolutionNode = FALSE
	EndGlobalSection
	GlobalSection(ExtensibilityGlobals) = postSolution
		SolutionGuid = {0713967B-6C00-4827-8411-19FE4D9EB24D}
	EndGlobalSection
EndGlobal
